{
  "name": "portfolioweb",
  "lockfileVersion": 2,
  "requires": true,
  "packages": {
    "": {
      "dependencies": {
        "locomotive-scroll": "^5.0.0-beta.10"
      }
    },
    "node_modules/@studio-freight/lenis": {
      "version": "1.0.27",
      "resolved": "https://registry.npmjs.org/@studio-freight/lenis/-/lenis-1.0.27.tgz",
      "integrity": "sha512-1I6EaWR9rxdFjIJtF52CtETJt9ngfY4AjawrJY5pLxCvHa/lQZ+1v2gTUntwNZkuks6E2It6YEXV6jnpnCZFjA=="
    },
    "node_modules/locomotive-scroll": {
      "version": "5.0.0-beta.10",
      "resolved": "https://registry.npmjs.org/locomotive-scroll/-/locomotive-scroll-5.0.0-beta.10.tgz",
      "integrity": "sha512-png10rO97IcMPiDZfWyBdz7j6PSGnyVPZtDzERKP2QC08AoX+qvAOZnF0SAuKwGjHqpi99fh3xgov6YtxDSG3w==",
      "dependencies": {
        "@studio-freight/lenis": "1.0.27"
      },
      "engines": {
        "node": ">=17"
      }
    }
  },
  "dependencies": {
    "@studio-freight/lenis": {
      "version": "1.0.27",
      "resolved": "https://registry.npmjs.org/@studio-freight/lenis/-/lenis-1.0.27.tgz",
      "integrity": "sha512-1I6EaWR9rxdFjIJtF52CtETJt9ngfY4AjawrJY5pLxCvHa/lQZ+1v2gTUntwNZkuks6E2It6YEXV6jnpnCZFjA=="
    },
    "locomotive-scroll": {
      "version": "5.0.0-beta.10",
      "resolved": "https://registry.npmjs.org/locomotive-scroll/-/locomotive-scroll-5.0.0-beta.10.tgz",
      "integrity": "sha512-png10rO97IcMPiDZfWyBdz7j6PSGnyVPZtDzERKP2QC08AoX+qvAOZnF0SAuKwGjHqpi99fh3xgov6YtxDSG3w==",
      "requires": {
        "@studio-freight/lenis": "1.0.27"
      }
    }
  }
}
